
Microsoft Visual Studio Solution File, Format Version 12.00
# Visual Studio Version 16
VisualStudioVersion = 16.0.31019.35
MinimumVisualStudioVersion = 10.0.40219.1
Project("{FAE04EC0-301F-11D3-BF4B-00C04F79EFBC}") = "Imprint.Kernel", "Imprint.Kernel.csproj", "{F7004667-5250-4A2B-9B31-AA71F31FAF57}"
EndProject
Project("{FAE04EC0-301F-11D3-BF4B-00C04F79EFBC}") = "UnitTest", "UnitTest\UnitTest.csproj", "{ACA33469-DB34-46CB-9E21-BF232ECA08E3}"
EndProject
Project("{FAE04EC0-301F-11D3-BF4B-00C04F79EFBC}") = "Imprint.Web", "..\Imprint.Web\Imprint.Web.csproj", "{8D992AB3-CAA6-48B4-9D35-AA24CF7A70F9}"
EndProject
Global
	GlobalSection(SolutionConfigurationPlatforms) = preSolution
		Debug|Any CPU = Debug|Any CPU
		Release|Any CPU = Release|Any CPU
	EndGlobalSection
	GlobalSection(ProjectConfigurationPlatforms) = postSolution
		{F7004667-5250-4A2B-9B31-AA71F31FAF57}.Debug|Any CPU.ActiveCfg = Debug|Any CPU
		{F7004667-5250-4A2B-9B31-AA71F31FAF57}.Debug|Any CPU.Build.0 = Debug|Any CPU
		{F7004667-5250-4A2B-9B31-AA71F31FAF57}.Release|Any CPU.ActiveCfg = Release|Any CPU
		{F7004667-5250-4A2B-9B31-AA71F31FAF57}.Release|Any CPU.Build.0 = Release|Any CPU
		{ACA33469-DB34-46CB-9E21-BF232ECA08E3}.Debug|Any CPU.ActiveCfg = Debug|Any CPU
		{ACA33469-DB34-46CB-9E21-BF232ECA08E3}.Debug|Any CPU.Build.0 = Debug|Any CPU
		{ACA33469-DB34-46CB-9E21-BF232ECA08E3}.Release|Any CPU.ActiveCfg = Release|Any CPU
		{ACA33469-DB34-46CB-9E21-BF232ECA08E3}.Release|Any CPU.Build.0 = Release|Any CPU
		{8D992AB3-CAA6-48B4-9D35-AA24CF7A70F9}.Debug|Any CPU.ActiveCfg = Debug|Any CPU
		{8D992AB3-CAA6-48B4-9D35-AA24CF7A70F9}.Debug|Any CPU.Build.0 = Debug|Any CPU
		{8D992AB3-CAA6-48B4-9D35-AA24CF7A70F9}.Release|Any CPU.ActiveCfg = Release|Any CPU
		{8D992AB3-CAA6-48B4-9D35-AA24CF7A70F9}.Release|Any CPU.Build.0 = Release|Any CPU
	EndGlobalSection
	GlobalSection(SolutionProperties) = preSolution
		HideSolutionNode = FALSE
	EndGlobalSection
	GlobalSection(ExtensibilityGlobals) = postSolution
		SolutionGuid = {A7CAEF5B-6C26-4F81-81AC-7A4D02CC6DEB}
	EndGlobalSection
EndGlobal
